
Microsoft Visual Studio Solution File, Format Version 12.00
# Visual Studio Version 17
VisualStudioVersion = 17.0.31903.59
MinimumVisualStudioVersion = 10.0.40219.1
Project("{FAE04EC0-301F-11D3-BF4B-00C04F79EFBC}") = "RemoteAppTool.App", "RemoteAppTool.App\RemoteAppTool.App.csproj", "{21A80606-9B64-4C39-9911-A37729D4DDB0}"
EndProject
Project("{FAE04EC0-301F-11D3-BF4B-00C04F79EFBC}") = "RemoteAppTool.Core", "RemoteAppTool.Core\RemoteAppTool.Core.csproj", "{3527C7F3-FA85-4644-A895-81FB4C2740B7}"
EndProject
Project("{FAE04EC0-301F-11D3-BF4B-00C04F79EFBC}") = "RemoteAppTool.RdpFileLib", "RemoteAppTool.RdpFileLib\RemoteAppTool.RdpFileLib.csproj", "{6CFC4ED5-A5C7-4022-BAF3-EFD7BBE4808A}"
EndProject
Project("{FAE04EC0-301F-11D3-BF4B-00C04F79EFBC}") = "RemoteAppTool.SignLib", "RemoteAppTool.SignLib\RemoteAppTool.SignLib.csproj", "{4333AB02-E3DD-4D2D-9BFC-EA28A5DC8B33}"
EndProject
Global
	GlobalSection(SolutionConfigurationPlatforms) = preSolution
		Debug|Any CPU = Debug|Any CPU
		Release|Any CPU = Release|Any CPU
	EndGlobalSection
	GlobalSection(SolutionProperties) = preSolution
		HideSolutionNode = FALSE
	EndGlobalSection
	GlobalSection(ProjectConfigurationPlatforms) = postSolution
		{21A80606-9B64-4C39-9911-A37729D4DDB0}.Debug|Any CPU.ActiveCfg = Debug|Any CPU
		{21A80606-9B64-4C39-9911-A37729D4DDB0}.Debug|Any CPU.Build.0 = Debug|Any CPU
		{21A80606-9B64-4C39-9911-A37729D4DDB0}.Release|Any CPU.ActiveCfg = Release|Any CPU
		{21A80606-9B64-4C39-9911-A37729D4DDB0}.Release|Any CPU.Build.0 = Release|Any CPU
		{3527C7F3-FA85-4644-A895-81FB4C2740B7}.Debug|Any CPU.ActiveCfg = Debug|Any CPU
		{3527C7F3-FA85-4644-A895-81FB4C2740B7}.Debug|Any CPU.Build.0 = Debug|Any CPU
		{3527C7F3-FA85-4644-A895-81FB4C2740B7}.Release|Any CPU.ActiveCfg = Release|Any CPU
		{3527C7F3-FA85-4644-A895-81FB4C2740B7}.Release|Any CPU.Build.0 = Release|Any CPU
		{6CFC4ED5-A5C7-4022-BAF3-EFD7BBE4808A}.Debug|Any CPU.ActiveCfg = Debug|Any CPU
		{6CFC4ED5-A5C7-4022-BAF3-EFD7BBE4808A}.Debug|Any CPU.Build.0 = Debug|Any CPU
		{6CFC4ED5-A5C7-4022-BAF3-EFD7BBE4808A}.Release|Any CPU.ActiveCfg = Release|Any CPU
		{6CFC4ED5-A5C7-4022-BAF3-EFD7BBE4808A}.Release|Any CPU.Build.0 = Release|Any CPU
		{4333AB02-E3DD-4D2D-9BFC-EA28A5DC8B33}.Debug|Any CPU.ActiveCfg = Debug|Any CPU
		{4333AB02-E3DD-4D2D-9BFC-EA28A5DC8B33}.Debug|Any CPU.Build.0 = Debug|Any CPU
		{4333AB02-E3DD-4D2D-9BFC-EA28A5DC8B33}.Release|Any CPU.ActiveCfg = Release|Any CPU
		{4333AB02-E3DD-4D2D-9BFC-EA28A5DC8B33}.Release|Any CPU.Build.0 = Release|Any CPU
	EndGlobalSection
EndGlobal
